
Microsoft Visual Studio Solution File, Format Version 12.00
# Visual Studio Version 16
VisualStudioVersion = 16.0.31624.102
MinimumVisualStudioVersion = 10.0.40219.1
Project("{FAE04EC0-301F-11D3-BF4B-00C04F79EFBC}") = "tic-tac-toe", "tic-tac-toe.csproj", "{F36ADEA4-D1D4-434A-AFAD-4A58C230181C}"
EndProject
Global
	GlobalSection(SolutionConfigurationPlatforms) = preSolution
		Debug|Any CPU = Debug|Any CPU
		Release|Any CPU = Release|Any CPU
	EndGlobalSection
	GlobalSection(ProjectConfigurationPlatforms) = postSolution
		{F36ADEA4-D1D4-434A-AFAD-4A58C230181C}.Debug|Any CPU.ActiveCfg = Debug|Any CPU
		{F36ADEA4-D1D4-434A-AFAD-4A58C230181C}.Debug|Any CPU.Build.0 = Debug|Any CPU
		{F36ADEA4-D1D4-434A-AFAD-4A58C230181C}.Release|Any CPU.ActiveCfg = Release|Any CPU
		{F36ADEA4-D1D4-434A-AFAD-4A58C230181C}.Release|Any CPU.Build.0 = Release|Any CPU
	EndGlobalSection
	GlobalSection(SolutionProperties) = preSolution
		HideSolutionNode = FALSE
	EndGlobalSection
	GlobalSection(ExtensibilityGlobals) = postSolution
		SolutionGuid = {6DB05E43-E56B-4942-97EA-730FB9727356}
	EndGlobalSection
EndGlobal
